
Microsoft Visual Studio Solution File, Format Version 12.00
# Visual Studio 15
VisualStudioVersion = 15.0.27130.2010
MinimumVisualStudioVersion = 10.0.40219.1
Project("{FAE04EC0-301F-11D3-BF4B-00C04F79EFBC}") = "ConsoleAppWithLiteDB", "ConsoleAppWithLiteDB\ConsoleAppWithLiteDB.csproj", "{7081EF66-28E4-45B4-B57A-AB21B926120D}"
EndProject
Global
	GlobalSection(SolutionConfigurationPlatforms) = preSolution
		Debug|Any CPU = Debug|Any CPU
		Release|Any CPU = Release|Any CPU
	EndGlobalSection
	GlobalSection(ProjectConfigurationPlatforms) = postSolution
		{7081EF66-28E4-45B4-B57A-AB21B926120D}.Debug|Any CPU.ActiveCfg = Debug|Any CPU
		{7081EF66-28E4-45B4-B57A-AB21B926120D}.Debug|Any CPU.Build.0 = Debug|Any CPU
		{7081EF66-28E4-45B4-B57A-AB21B926120D}.Release|Any CPU.ActiveCfg = Release|Any CPU
		{7081EF66-28E4-45B4-B57A-AB21B926120D}.Release|Any CPU.Build.0 = Release|Any CPU
	EndGlobalSection
	GlobalSection(SolutionProperties) = preSolution
		HideSolutionNode = FALSE
	EndGlobalSection
	GlobalSection(ExtensibilityGlobals) = postSolution
		SolutionGuid = {1F7F4608-CE62-4433-B77B-A71889DA6380}
	EndGlobalSection
EndGlobal
